
Microsoft Visual Studio Solution File, Format Version 12.00
# Visual Studio Version 17
VisualStudioVersion = 17.5.33414.496
MinimumVisualStudioVersion = 10.0.40219.1
Project("{FAE04EC0-301F-11D3-BF4B-00C04F79EFBC}") = "Clock", "Clock\Clock.csproj", "{7A2B0FDD-67E3-4408-BEDC-467D7F07DDCD}"
EndProject
Global
	GlobalSection(SolutionConfigurationPlatforms) = preSolution
		Debug|Any CPU = Debug|Any CPU
		Release|Any CPU = Release|Any CPU
	EndGlobalSection
	GlobalSection(ProjectConfigurationPlatforms) = postSolution
		{7A2B0FDD-67E3-4408-BEDC-467D7F07DDCD}.Debug|Any CPU.ActiveCfg = Debug|Any CPU
		{7A2B0FDD-67E3-4408-BEDC-467D7F07DDCD}.Debug|Any CPU.Build.0 = Debug|Any CPU
		{7A2B0FDD-67E3-4408-BEDC-467D7F07DDCD}.Release|Any CPU.ActiveCfg = Release|Any CPU
		{7A2B0FDD-67E3-4408-BEDC-467D7F07DDCD}.Release|Any CPU.Build.0 = Release|Any CPU
	EndGlobalSection
	GlobalSection(SolutionProperties) = preSolution
		HideSolutionNode = FALSE
	EndGlobalSection
	GlobalSection(ExtensibilityGlobals) = postSolution
		SolutionGuid = {02570343-BC9A-4D97-A6A0-DABAC3A317A4}
	EndGlobalSection
EndGlobal
